{
  "name": "CallMed",
  "lockfileVersion": 3,
  "requires": true,
  "packages": {
    "": {
      "dependencies": {
        "lucide": "^1.50.0"
      }
    },
    "node_modules/lucide": {
      "version": "1.50.0",
      "resolved": "https://registry.npmjs.org/lucide/-/lucide-1.50.0.tgz",
      "integrity": "sha512-9ba3cwifVinKmcmGM+ChiuauzClzxxMxQKDv5hRskbwwlC9wcUpT2QygAfKrehBLbGnbAA0wC1Tc1dDSrwzNJg==",
      "license": "ISC"
    }
  }
}
